
Microsoft Visual Studio Solution File, Format Version 12.00
# Visual Studio Version 17
VisualStudioVersion = 17.0.32014.148
MinimumVisualStudioVersion = 10.0.40219.1
Project("{FAE04EC0-301F-11D3-BF4B-00C04F79EFBC}") = "Api.Host", "Api.Host\Api.Host.csproj", "{89C352EF-0A85-4F91-8E5B-6C5F31834185}"
EndProject
Project("{FAE04EC0-301F-11D3-BF4B-00C04F79EFBC}") = "Api.Contracts", "Api.Contracts\Api.Contracts.csproj", "{D982DF6F-26D7-4651-BDFC-99F3C266E41C}"
EndProject
Project("{FAE04EC0-301F-11D3-BF4B-00C04F79EFBC}") = "Api.Services", "Api.Services\Api.Services.csproj", "{C287E103-F3FB-40CE-9609-B479B47224BB}"
EndProject
Global
	GlobalSection(SolutionConfigurationPlatforms) = preSolution
		Debug|Any CPU = Debug|Any CPU
		Release|Any CPU = Release|Any CPU
	EndGlobalSection
	GlobalSection(ProjectConfigurationPlatforms) = postSolution
		{89C352EF-0A85-4F91-8E5B-6C5F31834185}.Debug|Any CPU.ActiveCfg = Debug|Any CPU
		{89C352EF-0A85-4F91-8E5B-6C5F31834185}.Debug|Any CPU.Build.0 = Debug|Any CPU
		{89C352EF-0A85-4F91-8E5B-6C5F31834185}.Release|Any CPU.ActiveCfg = Release|Any CPU
		{89C352EF-0A85-4F91-8E5B-6C5F31834185}.Release|Any CPU.Build.0 = Release|Any CPU
		{D982DF6F-26D7-4651-BDFC-99F3C266E41C}.Debug|Any CPU.ActiveCfg = Debug|Any CPU
		{D982DF6F-26D7-4651-BDFC-99F3C266E41C}.Debug|Any CPU.Build.0 = Debug|Any CPU
		{D982DF6F-26D7-4651-BDFC-99F3C266E41C}.Release|Any CPU.ActiveCfg = Release|Any CPU
		{D982DF6F-26D7-4651-BDFC-99F3C266E41C}.Release|Any CPU.Build.0 = Release|Any CPU
		{C287E103-F3FB-40CE-9609-B479B47224BB}.Debug|Any CPU.ActiveCfg = Debug|Any CPU
		{C287E103-F3FB-40CE-9609-B479B47224BB}.Debug|Any CPU.Build.0 = Debug|Any CPU
		{C287E103-F3FB-40CE-9609-B479B47224BB}.Release|Any CPU.ActiveCfg = Release|Any CPU
		{C287E103-F3FB-40CE-9609-B479B47224BB}.Release|Any CPU.Build.0 = Release|Any CPU
	EndGlobalSection
	GlobalSection(SolutionProperties) = preSolution
		HideSolutionNode = FALSE
	EndGlobalSection
	GlobalSection(ExtensibilityGlobals) = postSolution
		SolutionGuid = {E4400CA5-615A-4C5C-947D-5CBA69F12BCD}
	EndGlobalSection
EndGlobal
